
Microsoft Visual Studio Solution File, Format Version 12.00
# Visual Studio Version 17
VisualStudioVersion = 17.5.33516.290
MinimumVisualStudioVersion = 10.0.40219.1
Project("{FAE04EC0-301F-11D3-BF4B-00C04F79EFBC}") = "dotnet_webapi", "dotnet_webapi\dotnet_webapi.csproj", "{F08755B5-4F76-4F41-89FF-15CB839F4735}"
EndProject
Global
	GlobalSection(SolutionConfigurationPlatforms) = preSolution
		Debug|Any CPU = Debug|Any CPU
		Release|Any CPU = Release|Any CPU
	EndGlobalSection
	GlobalSection(ProjectConfigurationPlatforms) = postSolution
		{F08755B5-4F76-4F41-89FF-15CB839F4735}.Debug|Any CPU.ActiveCfg = Debug|Any CPU
		{F08755B5-4F76-4F41-89FF-15CB839F4735}.Debug|Any CPU.Build.0 = Debug|Any CPU
		{F08755B5-4F76-4F41-89FF-15CB839F4735}.Release|Any CPU.ActiveCfg = Release|Any CPU
		{F08755B5-4F76-4F41-89FF-15CB839F4735}.Release|Any CPU.Build.0 = Release|Any CPU
	EndGlobalSection
	GlobalSection(SolutionProperties) = preSolution
		HideSolutionNode = FALSE
	EndGlobalSection
	GlobalSection(ExtensibilityGlobals) = postSolution
		SolutionGuid = {AFD7D2AF-A996-4CF3-A3CF-0030956CF7C7}
	EndGlobalSection
EndGlobal
